
Microsoft Visual Studio Solution File, Format Version 12.00
# Visual Studio Version 17
VisualStudioVersion = 17.6.33513.286
MinimumVisualStudioVersion = 10.0.40219.1
Project("{FAE04EC0-301F-11D3-BF4B-00C04F79EFBC}") = "MinimalApiRouting", "MinimalApiRouting\MinimalApiRouting.csproj", "{D1F4A10F-B88D-435D-86AC-1524534F367B}"
EndProject
Global
	GlobalSection(SolutionConfigurationPlatforms) = preSolution
		Debug|Any CPU = Debug|Any CPU
		Release|Any CPU = Release|Any CPU
	EndGlobalSection
	GlobalSection(ProjectConfigurationPlatforms) = postSolution
		{D1F4A10F-B88D-435D-86AC-1524534F367B}.Debug|Any CPU.ActiveCfg = Debug|Any CPU
		{D1F4A10F-B88D-435D-86AC-1524534F367B}.Debug|Any CPU.Build.0 = Debug|Any CPU
		{D1F4A10F-B88D-435D-86AC-1524534F367B}.Release|Any CPU.ActiveCfg = Release|Any CPU
		{D1F4A10F-B88D-435D-86AC-1524534F367B}.Release|Any CPU.Build.0 = Release|Any CPU
	EndGlobalSection
	GlobalSection(SolutionProperties) = preSolution
		HideSolutionNode = FALSE
	EndGlobalSection
	GlobalSection(ExtensibilityGlobals) = postSolution
		SolutionGuid = {79A9D9ED-F63B-464E-8C94-6FB28A522695}
	EndGlobalSection
EndGlobal
